# This file is automatically @generated by Cargo.
# It is not intended for manual editing.
version = 4

[[package]]
name = "atria"
version = "0.1.0"
dependencies = [
 "atria-compositor",
 "atria-protocol",
 "atria-software-output",
]

[[package]]
name = "atria-compositor"
version = "0.1.0"
dependencies = [
 "atria-protocol",
]

[[package]]
name = "atria-drm"
version = "0.1.0"
dependencies = [
 "atria-compositor",
 "atria-protocol",
 "atria-software-output",
 "libc",
]

[[package]]
name = "atria-input"
version = "0.1.0"
dependencies = [
 "atria-protocol",
 "libc",
]

[[package]]
name = "atria-protocol"
version = "0.1.0"

[[package]]
name = "atria-software-output"
version = "0.1.0"
dependencies = [
 "atria-compositor",
 "atria-protocol",
]

[[package]]
name = "libc"
version = "0.2.189"
source = "registry+https://github.com/rust-lang/crates.io-index"
checksum = "3eaf3ede3fee6db1a4c2ee091bf8a8b4dccdc6d17f656fb07896ee72867612f2"
